
Microsoft Visual Studio Solution File, Format Version 12.00
# Visual Studio 2012
Project("{FAE04EC0-301F-11D3-BF4B-00C04F79EFBC}") = "ComputersUI.ConsoleClient", "ComputersUI.ConsoleClient\ComputersUI.ConsoleClient.csproj", "{920382DC-166F-4C55-8AF7-70D668191107}"
EndProject
Project("{FAE04EC0-301F-11D3-BF4B-00C04F79EFBC}") = "ConsoleClientTests", "ConsoleClientTests\ConsoleClientTests.csproj", "{89A73E46-CC19-485F-83BE-AA19326C449C}"
EndProject
Global
	GlobalSection(SolutionConfigurationPlatforms) = preSolution
		Debug|Any CPU = Debug|Any CPU
		Release|Any CPU = Release|Any CPU
	EndGlobalSection
	GlobalSection(ProjectConfigurationPlatforms) = postSolution
		{920382DC-166F-4C55-8AF7-70D668191107}.Debug|Any CPU.ActiveCfg = Debug|Any CPU
		{920382DC-166F-4C55-8AF7-70D668191107}.Debug|Any CPU.Build.0 = Debug|Any CPU
		{920382DC-166F-4C55-8AF7-70D668191107}.Release|Any CPU.ActiveCfg = Release|Any CPU
		{920382DC-166F-4C55-8AF7-70D668191107}.Release|Any CPU.Build.0 = Release|Any CPU
		{89A73E46-CC19-485F-83BE-AA19326C449C}.Debug|Any CPU.ActiveCfg = Debug|Any CPU
		{89A73E46-CC19-485F-83BE-AA19326C449C}.Debug|Any CPU.Build.0 = Debug|Any CPU
		{89A73E46-CC19-485F-83BE-AA19326C449C}.Release|Any CPU.ActiveCfg = Release|Any CPU
		{89A73E46-CC19-485F-83BE-AA19326C449C}.Release|Any CPU.Build.0 = Release|Any CPU
	EndGlobalSection
	GlobalSection(SolutionProperties) = preSolution
		HideSolutionNode = FALSE
	EndGlobalSection
EndGlobal
